
Microsoft Visual Studio Solution File, Format Version 12.00
# Visual Studio Version 17
VisualStudioVersion = 17.11.35312.102
MinimumVisualStudioVersion = 10.0.40219.1
Project("{FAE04EC0-301F-11D3-BF4B-00C04F79EFBC}") = "LINQ Lab", "LINQ Lab\LINQ Lab.csproj", "{2BF39E6F-03A7-4277-9AEF-69E2114412EC}"
EndProject
Global
	GlobalSection(SolutionConfigurationPlatforms) = preSolution
		Debug|Any CPU = Debug|Any CPU
		Release|Any CPU = Release|Any CPU
	EndGlobalSection
	GlobalSection(ProjectConfigurationPlatforms) = postSolution
		{2BF39E6F-03A7-4277-9AEF-69E2114412EC}.Debug|Any CPU.ActiveCfg = Debug|Any CPU
		{2BF39E6F-03A7-4277-9AEF-69E2114412EC}.Debug|Any CPU.Build.0 = Debug|Any CPU
		{2BF39E6F-03A7-4277-9AEF-69E2114412EC}.Release|Any CPU.ActiveCfg = Release|Any CPU
		{2BF39E6F-03A7-4277-9AEF-69E2114412EC}.Release|Any CPU.Build.0 = Release|Any CPU
	EndGlobalSection
	GlobalSection(SolutionProperties) = preSolution
		HideSolutionNode = FALSE
	EndGlobalSection
	GlobalSection(ExtensibilityGlobals) = postSolution
		SolutionGuid = {01C44A82-E6F2-4211-9988-0B3052EDF973}
	EndGlobalSection
EndGlobal
